
Microsoft Visual Studio Solution File, Format Version 12.00
# Visual Studio 15
VisualStudioVersion = 15.0.28307.705
MinimumVisualStudioVersion = 10.0.40219.1
Project("{9A19103F-16F7-4668-BE54-9A1E7A4F7556}") = "lcmsNET", "src\lcmsNET\lcmsNET.csproj", "{2CA32E64-AD30-499C-A023-A792845373B0}"
EndProject
Project("{9A19103F-16F7-4668-BE54-9A1E7A4F7556}") = "lcmsNET.Tests", "tests\lcmsNET.Tests\lcmsNET.Tests.csproj", "{5CC36414-4076-4419-B577-44CD96050EA6}"
EndProject
Global
	GlobalSection(SolutionConfigurationPlatforms) = preSolution
		Debug|Any CPU = Debug|Any CPU
		Release|Any CPU = Release|Any CPU
	EndGlobalSection
	GlobalSection(ProjectConfigurationPlatforms) = postSolution
		{2CA32E64-AD30-499C-A023-A792845373B0}.Debug|Any CPU.ActiveCfg = Debug|Any CPU
		{2CA32E64-AD30-499C-A023-A792845373B0}.Debug|Any CPU.Build.0 = Debug|Any CPU
		{2CA32E64-AD30-499C-A023-A792845373B0}.Release|Any CPU.ActiveCfg = Release|Any CPU
		{2CA32E64-AD30-499C-A023-A792845373B0}.Release|Any CPU.Build.0 = Release|Any CPU
		{5CC36414-4076-4419-B577-44CD96050EA6}.Debug|Any CPU.ActiveCfg = Debug|Any CPU
		{5CC36414-4076-4419-B577-44CD96050EA6}.Debug|Any CPU.Build.0 = Debug|Any CPU
		{5CC36414-4076-4419-B577-44CD96050EA6}.Release|Any CPU.ActiveCfg = Release|Any CPU
		{5CC36414-4076-4419-B577-44CD96050EA6}.Release|Any CPU.Build.0 = Release|Any CPU
	EndGlobalSection
	GlobalSection(SolutionProperties) = preSolution
		HideSolutionNode = FALSE
	EndGlobalSection
	GlobalSection(ExtensibilityGlobals) = postSolution
		SolutionGuid = {539BDD78-A5F8-47F1-93CC-02C4F51B5242}
	EndGlobalSection
EndGlobal
